// !$*UTF8*$!
{
	archiveVersion = 1;
	classes = {
	};
	objectVersion = 48;
	objects = {

/* Begin PBXBuildFile section */
		022539331FB086CF0085E61A /* OnePixelViewController.swift in Sources */ = {isa = PBXBuildFile; fileRef = 022539321FB086CF0085E61A /* OnePixelViewController.swift */; };
		022539361FB0889C0085E61A /* Utility.swift in Sources */ = {isa = PBXBuildFile; fileRef = 022539351FB0889C0085E61A /* Utility.swift */; };
		022539391FB088EF0085E61A /* UIView_Extension.swift in Sources */ = {isa = PBXBuildFile; fileRef = 022539381FB088EF0085E61A /* UIView_Extension.swift */; };
		024F89BE1FA36812002C6247 /* BottomSheetViewController.swift in Sources */ = {isa = PBXBuildFile; fileRef = 024F89BD1FA36812002C6247 /* BottomSheetViewController.swift */; };
		027F4C331F9A54D400029BE8 /* MyView.swift in Sources */ = {isa = PBXBuildFile; fileRef = 027F4C321F9A54D400029BE8 /* MyView.swift */; };
		027F4C381F9A620600029BE8 /* IBDesignable_and_IBInspectable.storyboard in Resources */ = {isa = PBXBuildFile; fileRef = 027F4C361F9A620600029BE8 /* IBDesignable_and_IBInspectable.storyboard */; };
		02965A0A1FA473610070D253 /* SheetCell.swift in Sources */ = {isa = PBXBuildFile; fileRef = 02965A091FA473610070D253 /* SheetCell.swift */; };
		02AC7EAF1F9A3A6C00AFE44D /* AppDelegate.swift in Sources */ = {isa = PBXBuildFile; fileRef = 02AC7EAE1F9A3A6C00AFE44D /* AppDelegate.swift */; };
		02AC7EB11F9A3A6C00AFE44D /* ViewController.swift in Sources */ = {isa = PBXBuildFile; fileRef = 02AC7EB01F9A3A6C00AFE44D /* ViewController.swift */; };
		02AC7EB41F9A3A6C00AFE44D /* Main.storyboard in Resources */ = {isa = PBXBuildFile; fileRef = 02AC7EB21F9A3A6C00AFE44D /* Main.storyboard */; };
		02AC7EB71F9A3A6C00AFE44D /* iOS_Demo.xcdatamodeld in Sources */ = {isa = PBXBuildFile; fileRef = 02AC7EB51F9A3A6C00AFE44D /* iOS_Demo.xcdatamodeld */; };
		02AC7EB91F9A3A6C00AFE44D /* Assets.xcassets in Resources */ = {isa = PBXBuildFile; fileRef = 02AC7EB81F9A3A6C00AFE44D /* Assets.xcassets */; };
		02AC7EBC1F9A3A6C00AFE44D /* LaunchScreen.storyboard in Resources */ = {isa = PBXBuildFile; fileRef = 02AC7EBA1F9A3A6C00AFE44D /* LaunchScreen.storyboard */; };
		02AC7EC71F9A3A6C00AFE44D /* iOS_DemoTests.swift in Sources */ = {isa = PBXBuildFile; fileRef = 02AC7EC61F9A3A6C00AFE44D /* iOS_DemoTests.swift */; };
		02AC7ED21F9A3A6D00AFE44D /* iOS_DemoUITests.swift in Sources */ = {isa = PBXBuildFile; fileRef = 02AC7ED11F9A3A6D00AFE44D /* iOS_DemoUITests.swift */; };
		02AC7EE11F9A4E7900AFE44D /* IBDesignable_and_IBInspectable.swift in Sources */ = {isa = PBXBuildFile; fileRef = 02AC7EE01F9A4E7900AFE44D /* IBDesignable_and_IBInspectable.swift */; };
		02C2A7631FB9B4E900BF7792 /* UILabelTextViewController.swift in Sources */ = {isa = PBXBuildFile; fileRef = 02C2A7621FB9B4E900BF7792 /* UILabelTextViewController.swift */; };
		02C2A7681FB9BDCF00BF7792 /* NMZJavaScriptCoreViewController.swift in Sources */ = {isa = PBXBuildFile; fileRef = 02C2A7671FB9BDCF00BF7792 /* NMZJavaScriptCoreViewController.swift */; };
		02C2A76A1FB9C24400BF7792 /* nmzJavaScriptCore_UIWebView.html in Resources */ = {isa = PBXBuildFile; fileRef = 02C2A7691FB9C24400BF7792 /* nmzJavaScriptCore_UIWebView.html */; };
		02C2A76C1FB9D52100BF7792 /* nmzJavaScriptCore_UIWebVIew.js in Resources */ = {isa = PBXBuildFile; fileRef = 02C2A76B1FB9D52100BF7792 /* nmzJavaScriptCore_UIWebVIew.js */; };
		02FAA01B1FBB2F670037DAA9 /* nmzJavaScriptCore_WKWebView.js in Resources */ = {isa = PBXBuildFile; fileRef = 02FAA01A1FBB2F670037DAA9 /* nmzJavaScriptCore_WKWebView.js */; };
		02FAA01D1FBB303A0037DAA9 /* nmzJavaScriptCore_WKWebView.html in Resources */ = {isa = PBXBuildFile; fileRef = 02FAA01C1FBB303A0037DAA9 /* nmzJavaScriptCore_WKWebView.html */; };
		272CEAC0D8CB9AE23DD7144A /* Pods_iOS_Demo.framework in Frameworks */ = {isa = PBXBuildFile; fileRef = B60499A51180776BE2B5C1AC /* Pods_iOS_Demo.framework */; };
		B2C2916D24FDF6BCD451B9FB /* Pods_iOS_DemoTests.framework in Frameworks */ = {isa = PBXBuildFile; fileRef = 8B9BEDDDAA07CB313958A3DF /* Pods_iOS_DemoTests.framework */; };
		B610B9E7D17E3E1292EA5DAD /* Pods_iOS_DemoUITests.framework in Frameworks */ = {isa = PBXBuildFile; fileRef = CB368DBE5D52C90FF92FCDEB /* Pods_iOS_DemoUITests.framework */; };
/* End PBXBuildFile section */

/* Begin PBXContainerItemProxy section */
		02AC7EC31F9A3A6C00AFE44D /* PBXContainerItemProxy */ = {
			isa = PBXContainerItemProxy;
			containerPortal = 02AC7EA31F9A3A6C00AFE44D /* Project object */;
			proxyType = 1;
			remoteGlobalIDString = 02AC7EAA1F9A3A6C00AFE44D;
			remoteInfo = iOS_Demo;
		};
		02AC7ECE1F9A3A6D00AFE44D /* PBXContainerItemProxy */ = {
			isa = PBXContainerItemProxy;
			containerPortal = 02AC7EA31F9A3A6C00AFE44D /* Project object */;
			proxyType = 1;
			remoteGlobalIDString = 02AC7EAA1F9A3A6C00AFE44D;
			remoteInfo = iOS_Demo;
		};
/* End PBXContainerItemProxy section */

/* Begin PBXFileReference section */
		022539321FB086CF0085E61A /* OnePixelViewController.swift */ = {isa = PBXFileReference; lastKnownFileType = sourcecode.swift; path = OnePixelViewController.swift; sourceTree = "<group>"; };
		022539351FB0889C0085E61A /* Utility.swift */ = {isa = PBXFileReference; lastKnownFileType = sourcecode.swift; path = Utility.swift; sourceTree = "<group>"; };
		022539381FB088EF0085E61A /* UIView_Extension.swift */ = {isa = PBXFileReference; lastKnownFileType = sourcecode.swift; path = UIView_Extension.swift; sourceTree = "<group>"; };
		024F89BD1FA36812002C6247 /* BottomSheetViewController.swift */ = {isa = PBXFileReference; lastKnownFileType = sourcecode.swift; path = BottomSheetViewController.swift; sourceTree = "<group>"; };
		027F4C321F9A54D400029BE8 /* MyView.swift */ = {isa = PBXFileReference; fileEncoding = 4; lastKnownFileType = sourcecode.swift; path = MyView.swift; sourceTree = "<group>"; };
		027F4C371F9A620600029BE8 /* Base */ = {isa = PBXFileReference; lastKnownFileType = file.storyboard; name = Base; path = iOS_Demo/Base.lproj/IBDesignable_and_IBInspectable.storyboard; sourceTree = "<group>"; };
		02965A091FA473610070D253 /* SheetCell.swift */ = {isa = PBXFileReference; lastKnownFileType = sourcecode.swift; path = SheetCell.swift; sourceTree = "<group>"; };
		02AC7EAB1F9A3A6C00AFE44D /* iOS_Demo.app */ = {isa = PBXFileReference; explicitFileType = wrapper.application; includeInIndex = 0; path = iOS_Demo.app; sourceTree = BUILT_PRODUCTS_DIR; };
		02AC7EAE1F9A3A6C00AFE44D /* AppDelegate.swift */ = {isa = PBXFileReference; lastKnownFileType = sourcecode.swift; path = AppDelegate.swift; sourceTree = "<group>"; };
		02AC7EB01F9A3A6C00AFE44D /* ViewController.swift */ = {isa = PBXFileReference; lastKnownFileType = sourcecode.swift; path = ViewController.swift; sourceTree = "<group>"; };
		02AC7EB31F9A3A6C00AFE44D /* Base */ = {isa = PBXFileReference; lastKnownFileType = file.storyboard; name = Base; path = Base.lproj/Main.storyboard; sourceTree = "<group>"; };
		02AC7EB61F9A3A6C00AFE44D /* iOS_Demo.xcdatamodel */ = {isa = PBXFileReference; lastKnownFileType = wrapper.xcdatamodel; path = iOS_Demo.xcdatamodel; sourceTree = "<group>"; };
		02AC7EB81F9A3A6C00AFE44D /* Assets.xcassets */ = {isa = PBXFileReference; lastKnownFileType = folder.assetcatalog; path = Assets.xcassets; sourceTree = "<group>"; };
		02AC7EBB1F9A3A6C00AFE44D /* Base */ = {isa = PBXFileReference; lastKnownFileType = file.storyboard; name = Base; path = Base.lproj/LaunchScreen.storyboard; sourceTree = "<group>"; };
		02AC7EBD1F9A3A6C00AFE44D /* Info.plist */ = {isa = PBXFileReference; lastKnownFileType = text.plist.xml; path = Info.plist; sourceTree = "<group>"; };
		02AC7EC21F9A3A6C00AFE44D /* iOS_DemoTests.xctest */ = {isa = PBXFileReference; explicitFileType = wrapper.cfbundle; includeInIndex = 0; path = iOS_DemoTests.xctest; sourceTree = BUILT_PRODUCTS_DIR; };
		02AC7EC61F9A3A6C00AFE44D /* iOS_DemoTests.swift */ = {isa = PBXFileReference; lastKnownFileType = sourcecode.swift; path = iOS_DemoTests.swift; sourceTree = "<group>"; };
		02AC7EC81F9A3A6C00AFE44D /* Info.plist */ = {isa = PBXFileReference; lastKnownFileType = text.plist.xml; path = Info.plist; sourceTree = "<group>"; };
		02AC7ECD1F9A3A6D00AFE44D /* iOS_DemoUITests.xctest */ = {isa = PBXFileReference; explicitFileType = wrapper.cfbundle; includeInIndex = 0; path = iOS_DemoUITests.xctest; sourceTree = BUILT_PRODUCTS_DIR; };
		02AC7ED11F9A3A6D00AFE44D /* iOS_DemoUITests.swift */ = {isa = PBXFileReference; lastKnownFileType = sourcecode.swift; path = iOS_DemoUITests.swift; sourceTree = "<group>"; };
		02AC7ED31F9A3A6D00AFE44D /* Info.plist */ = {isa = PBXFileReference; lastKnownFileType = text.plist.xml; path = Info.plist; sourceTree = "<group>"; };
		02AC7EE01F9A4E7900AFE44D /* IBDesignable_and_IBInspectable.swift */ = {isa = PBXFileReference; lastKnownFileType = sourcecode.swift; path = IBDesignable_and_IBInspectable.swift; sourceTree = "<group>"; };
		02C2A7621FB9B4E900BF7792 /* UILabelTextViewController.swift */ = {isa = PBXFileReference; lastKnownFileType = sourcecode.swift; path = UILabelTextViewController.swift; sourceTree = "<group>"; };
		02C2A7671FB9BDCF00BF7792 /* NMZJavaScriptCoreViewController.swift */ = {isa = PBXFileReference; lastKnownFileType = sourcecode.swift; path = NMZJavaScriptCoreViewController.swift; sourceTree = "<group>"; };
		02C2A7691FB9C24400BF7792 /* nmzJavaScriptCore_UIWebView.html */ = {isa = PBXFileReference; lastKnownFileType = text.html; path = nmzJavaScriptCore_UIWebView.html; sourceTree = "<group>"; };
		02C2A76B1FB9D52100BF7792 /* nmzJavaScriptCore_UIWebVIew.js */ = {isa = PBXFileReference; lastKnownFileType = sourcecode.javascript; path = nmzJavaScriptCore_UIWebVIew.js; sourceTree = "<group>"; };
		02FAA01A1FBB2F670037DAA9 /* nmzJavaScriptCore_WKWebView.js */ = {isa = PBXFileReference; lastKnownFileType = sourcecode.javascript; path = nmzJavaScriptCore_WKWebView.js; sourceTree = "<group>"; };
		02FAA01C1FBB303A0037DAA9 /* nmzJavaScriptCore_WKWebView.html */ = {isa = PBXFileReference; lastKnownFileType = text.html; path = nmzJavaScriptCore_WKWebView.html; sourceTree = "<group>"; };
		045A62747B20B3411A008DBB /* Pods-iOS_Demo.release.xcconfig */ = {isa = PBXFileReference; includeInIndex = 1; lastKnownFileType = text.xcconfig; name = "Pods-iOS_Demo.release.xcconfig"; path = "Pods/Target Support Files/Pods-iOS_Demo/Pods-iOS_Demo.release.xcconfig"; sourceTree = "<group>"; };
		7603960A2362FC5F62AE5CF3 /* Pods-iOS_Demo.debug.xcconfig */ = {isa = PBXFileReference; includeInIndex = 1; lastKnownFileType = text.xcconfig; name = "Pods-iOS_Demo.debug.xcconfig"; path = "Pods/Target Support Files/Pods-iOS_Demo/Pods-iOS_Demo.debug.xcconfig"; sourceTree = "<group>"; };
		7C49A15082BEF45569F06257 /* Pods-iOS_DemoUITests.release.xcconfig */ = {isa = PBXFileReference; includeInIndex = 1; lastKnownFileType = text.xcconfig; name = "Pods-iOS_DemoUITests.release.xcconfig"; path = "Pods/Target Support Files/Pods-iOS_DemoUITests/Pods-iOS_DemoUITests.release.xcconfig"; sourceTree = "<group>"; };
		821541B1989252969B323647 /* Pods-iOS_DemoUITests.debug.xcconfig */ = {isa = PBXFileReference; includeInIndex = 1; lastKnownFileType = text.xcconfig; name = "Pods-iOS_DemoUITests.debug.xcconfig"; path = "Pods/Target Support Files/Pods-iOS_DemoUITests/Pods-iOS_DemoUITests.debug.xcconfig"; sourceTree = "<group>"; };
		8B9BEDDDAA07CB313958A3DF /* Pods_iOS_DemoTests.framework */ = {isa = PBXFileReference; explicitFileType = wrapper.framework; includeInIndex = 0; path = Pods_iOS_DemoTests.framework; sourceTree = BUILT_PRODUCTS_DIR; };
		8EFD49E634487CC18BA76BC6 /* Pods-iOS_DemoTests.release.xcconfig */ = {isa = PBXFileReference; includeInIndex = 1; lastKnownFileType = text.xcconfig; name = "Pods-iOS_DemoTests.release.xcconfig"; path = "Pods/Target Support Files/Pods-iOS_DemoTests/Pods-iOS_DemoTests.release.xcconfig"; sourceTree = "<group>"; };
		B60499A51180776BE2B5C1AC /* Pods_iOS_Demo.framework */ = {isa = PBXFileReference; explicitFileType = wrapper.framework; includeInIndex = 0; path = Pods_iOS_Demo.framework; sourceTree = BUILT_PRODUCTS_DIR; };
		CB368DBE5D52C90FF92FCDEB /* Pods_iOS_DemoUITests.framework */ = {isa = PBXFileReference; explicitFileType = wrapper.framework; includeInIndex = 0; path = Pods_iOS_DemoUITests.framework; sourceTree = BUILT_PRODUCTS_DIR; };
		D06A72E55BB0446A776EFAC3 /* Pods-iOS_DemoTests.debug.xcconfig */ = {isa = PBXFileReference; includeInIndex = 1; lastKnownFileType = text.xcconfig; name = "Pods-iOS_DemoTests.debug.xcconfig"; path = "Pods/Target Support Files/Pods-iOS_DemoTests/Pods-iOS_DemoTests.debug.xcconfig"; sourceTree = "<group>"; };
/* End PBXFileReference section */

/* Begin PBXFrameworksBuildPhase section */
		02AC7EA81F9A3A6C00AFE44D /* Frameworks */ = {
			isa = PBXFrameworksBuildPhase;
			buildActionMask = 2147483647;
			files = (
				272CEAC0D8CB9AE23DD7144A /* Pods_iOS_Demo.framework in Frameworks */,
			);
			runOnlyForDeploymentPostprocessing = 0;
		};
		02AC7EBF1F9A3A6C00AFE44D /* Frameworks */ = {
			isa = PBXFrameworksBuildPhase;
			buildActionMask = 2147483647;
			files = (
				B2C2916D24FDF6BCD451B9FB /* Pods_iOS_DemoTests.framework in Frameworks */,
			);
			runOnlyForDeploymentPostprocessing = 0;
		};
		02AC7ECA1F9A3A6D00AFE44D /* Frameworks */ = {
			isa = PBXFrameworksBuildPhase;
			buildActionMask = 2147483647;
			files = (
				B610B9E7D17E3E1292EA5DAD /* Pods_iOS_DemoUITests.framework in Frameworks */,
			);
			runOnlyForDeploymentPostprocessing = 0;
		};
/* End PBXFrameworksBuildPhase section */

/* Begin PBXGroup section */
		022539311FB086B10085E61A /* OnePixel */ = {
			isa = PBXGroup;
			children = (
				022539321FB086CF0085E61A /* OnePixelViewController.swift */,
			);
			path = OnePixel;
			sourceTree = "<group>";
		};
		022539341FB0888F0085E61A /* Common */ = {
			isa = PBXGroup;
			children = (
				022539351FB0889C0085E61A /* Utility.swift */,
			);
			path = Common;
			sourceTree = "<group>";
		};
		022539371FB088B40085E61A /* Extension */ = {
			isa = PBXGroup;
			children = (
				022539381FB088EF0085E61A /* UIView_Extension.swift */,
			);
			path = Extension;
			sourceTree = "<group>";
		};
		024F89BC1FA366A1002C6247 /* Bottom Sheet */ = {
			isa = PBXGroup;
			children = (
				024F89BD1FA36812002C6247 /* BottomSheetViewController.swift */,
				02965A091FA473610070D253 /* SheetCell.swift */,
			);
			path = "Bottom Sheet";
			sourceTree = "<group>";
		};
		02AC7EA21F9A3A6C00AFE44D = {
			isa = PBXGroup;
			children = (
				02AC7EAD1F9A3A6C00AFE44D /* iOS_Demo */,
				02AC7EC51F9A3A6C00AFE44D /* iOS_DemoTests */,
				02AC7ED01F9A3A6D00AFE44D /* iOS_DemoUITests */,
				02AC7EAC1F9A3A6C00AFE44D /* Products */,
				40099B059D46AAE3255F4FBF /* Pods */,
				BF1C5E0361259250D9885858 /* Frameworks */,
			);
			sourceTree = "<group>";
		};
		02AC7EAC1F9A3A6C00AFE44D /* Products */ = {
			isa = PBXGroup;
			children = (
				02AC7EAB1F9A3A6C00AFE44D /* iOS_Demo.app */,
				02AC7EC21F9A3A6C00AFE44D /* iOS_DemoTests.xctest */,
				02AC7ECD1F9A3A6D00AFE44D /* iOS_DemoUITests.xctest */,
			);
			name = Products;
			sourceTree = "<group>";
		};
		02AC7EAD1F9A3A6C00AFE44D /* iOS_Demo */ = {
			isa = PBXGroup;
			children = (
				02C2A7641FB9BD8400BF7792 /* JavaScriptCore */,
				022539341FB0888F0085E61A /* Common */,
				022539371FB088B40085E61A /* Extension */,
				024F89BC1FA366A1002C6247 /* Bottom Sheet */,
				02AC7EDF1F9A4D0800AFE44D /* IBdesignable_and_IBInspectable */,
				022539311FB086B10085E61A /* OnePixel */,
				02C2A7611FB9B4BB00BF7792 /* UILabelText */,
				02AC7EAE1F9A3A6C00AFE44D /* AppDelegate.swift */,
				02AC7EB01F9A3A6C00AFE44D /* ViewController.swift */,
				02AC7EB21F9A3A6C00AFE44D /* Main.storyboard */,
				02AC7EB81F9A3A6C00AFE44D /* Assets.xcassets */,
				02AC7EBA1F9A3A6C00AFE44D /* LaunchScreen.storyboard */,
				02AC7EBD1F9A3A6C00AFE44D /* Info.plist */,
				02AC7EB51F9A3A6C00AFE44D /* iOS_Demo.xcdatamodeld */,
			);
			path = iOS_Demo;
			sourceTree = "<group>";
		};
		02AC7EC51F9A3A6C00AFE44D /* iOS_DemoTests */ = {
			isa = PBXGroup;
			children = (
				02AC7EC61F9A3A6C00AFE44D /* iOS_DemoTests.swift */,
				02AC7EC81F9A3A6C00AFE44D /* Info.plist */,
			);
			path = iOS_DemoTests;
			sourceTree = "<group>";
		};
		02AC7ED01F9A3A6D00AFE44D /* iOS_DemoUITests */ = {
			isa = PBXGroup;
			children = (
				02AC7ED11F9A3A6D00AFE44D /* iOS_DemoUITests.swift */,
				02AC7ED31F9A3A6D00AFE44D /* Info.plist */,
			);
			path = iOS_DemoUITests;
			sourceTree = "<group>";
		};
		02AC7EDF1F9A4D0800AFE44D /* IBdesignable_and_IBInspectable */ = {
			isa = PBXGroup;
			children = (
				027F4C361F9A620600029BE8 /* IBDesignable_and_IBInspectable.storyboard */,
				02AC7EE01F9A4E7900AFE44D /* IBDesignable_and_IBInspectable.swift */,
				027F4C321F9A54D400029BE8 /* MyView.swift */,
			);
			path = IBdesignable_and_IBInspectable;
			sourceTree = "<group>";
		};
		02C2A7611FB9B4BB00BF7792 /* UILabelText */ = {
			isa = PBXGroup;
			children = (
				02C2A7621FB9B4E900BF7792 /* UILabelTextViewController.swift */,
			);
			path = UILabelText;
			sourceTree = "<group>";
		};
		02C2A7641FB9BD8400BF7792 /* JavaScriptCore */ = {
			isa = PBXGroup;
			children = (
				02C2A7671FB9BDCF00BF7792 /* NMZJavaScriptCoreViewController.swift */,
				02C2A7691FB9C24400BF7792 /* nmzJavaScriptCore_UIWebView.html */,
				02C2A76B1FB9D52100BF7792 /* nmzJavaScriptCore_UIWebVIew.js */,
				02FAA01C1FBB303A0037DAA9 /* nmzJavaScriptCore_WKWebView.html */,
				02FAA01A1FBB2F670037DAA9 /* nmzJavaScriptCore_WKWebView.js */,
			);
			path = JavaScriptCore;
			sourceTree = "<group>";
		};
		40099B059D46AAE3255F4FBF /* Pods */ = {
			isa = PBXGroup;
			children = (
				7603960A2362FC5F62AE5CF3 /* Pods-iOS_Demo.debug.xcconfig */,
				045A62747B20B3411A008DBB /* Pods-iOS_Demo.release.xcconfig */,
				D06A72E55BB0446A776EFAC3 /* Pods-iOS_DemoTests.debug.xcconfig */,
				8EFD49E634487CC18BA76BC6 /* Pods-iOS_DemoTests.release.xcconfig */,
				821541B1989252969B323647 /* Pods-iOS_DemoUITests.debug.xcconfig */,
				7C49A15082BEF45569F06257 /* Pods-iOS_DemoUITests.release.xcconfig */,
			);
			name = Pods;
			sourceTree = "<group>";
		};
		BF1C5E0361259250D9885858 /* Frameworks */ = {
			isa = PBXGroup;
			children = (
				B60499A51180776BE2B5C1AC /* Pods_iOS_Demo.framework */,
				8B9BEDDDAA07CB313958A3DF /* Pods_iOS_DemoTests.framework */,
				CB368DBE5D52C90FF92FCDEB /* Pods_iOS_DemoUITests.framework */,
			);
			name = Frameworks;
			sourceTree = "<group>";
		};
/* End PBXGroup section */

/* Begin PBXNativeTarget section */
		02AC7EAA1F9A3A6C00AFE44D /* iOS_Demo */ = {
			isa = PBXNativeTarget;
			buildConfigurationList = 02AC7ED61F9A3A6D00AFE44D /* Build configuration list for PBXNativeTarget "iOS_Demo" */;
			buildPhases = (
				56536C64CB34722A1D1EF1B5 /* [CP] Check Pods Manifest.lock */,
				02AC7EA71F9A3A6C00AFE44D /* Sources */,
				02AC7EA81F9A3A6C00AFE44D /* Frameworks */,
				02AC7EA91F9A3A6C00AFE44D /* Resources */,
				7868F4F35E16D1FCBD547F9B /* [CP] Embed Pods Frameworks */,
				CDB83BF94BD3E214D54E1847 /* [CP] Copy Pods Resources */,
			);
			buildRules = (
			);
			dependencies = (
			);
			name = iOS_Demo;
			productName = iOS_Demo;
			productReference = 02AC7EAB1F9A3A6C00AFE44D /* iOS_Demo.app */;
			productType = "com.apple.product-type.application";
		};
		02AC7EC11F9A3A6C00AFE44D /* iOS_DemoTests */ = {
			isa = PBXNativeTarget;
			buildConfigurationList = 02AC7ED91F9A3A6D00AFE44D /* Build configuration list for PBXNativeTarget "iOS_DemoTests" */;
			buildPhases = (
				45ECB7FCCC2462F0CE30D71F /* [CP] Check Pods Manifest.lock */,
				02AC7EBE1F9A3A6C00AFE44D /* Sources */,
				02AC7EBF1F9A3A6C00AFE44D /* Frameworks */,
				02AC7EC01F9A3A6C00AFE44D /* Resources */,
				2C91E7EE311C14A14527517F /* [CP] Embed Pods Frameworks */,
				818480AF326EDBB8738AABC0 /* [CP] Copy Pods Resources */,
			);
			buildRules = (
			);
			dependencies = (
				02AC7EC41F9A3A6C00AFE44D /* PBXTargetDependency */,
			);
			name = iOS_DemoTests;
			productName = iOS_DemoTests;
			productReference = 02AC7EC21F9A3A6C00AFE44D /* iOS_DemoTests.xctest */;
			productType = "com.apple.product-type.bundle.unit-test";
		};
		02AC7ECC1F9A3A6D00AFE44D /* iOS_DemoUITests */ = {
			isa = PBXNativeTarget;
			buildConfigurationList = 02AC7EDC1F9A3A6D00AFE44D /* Build configuration list for PBXNativeTarget "iOS_DemoUITests" */;
			buildPhases = (
				9CE1B58AEE09AABF17964E90 /* [CP] Check Pods Manifest.lock */,
				02AC7EC91F9A3A6D00AFE44D /* Sources */,
				02AC7ECA1F9A3A6D00AFE44D /* Frameworks */,
				02AC7ECB1F9A3A6D00AFE44D /* Resources */,
				D0734D7CD5B5F4D1F0B60365 /* [CP] Embed Pods Frameworks */,
				01356365AA6005175715EB16 /* [CP] Copy Pods Resources */,
			);
			buildRules = (
			);
			dependencies = (
				02AC7ECF1F9A3A6D00AFE44D /* PBXTargetDependency */,
			);
			name = iOS_DemoUITests;
			productName = iOS_DemoUITests;
			productReference = 02AC7ECD1F9A3A6D00AFE44D /* iOS_DemoUITests.xctest */;
			productType = "com.apple.product-type.bundle.ui-testing";
		};
/* End PBXNativeTarget section */

/* Begin PBXProject section */
		02AC7EA31F9A3A6C00AFE44D /* Project object */ = {
			isa = PBXProject;
			attributes = {
				LastSwiftUpdateCheck = 0900;
				LastUpgradeCheck = 0900;
				ORGANIZATIONNAME = namazu923;
				TargetAttributes = {
					02AC7EAA1F9A3A6C00AFE44D = {
						CreatedOnToolsVersion = 9.0;
						ProvisioningStyle = Automatic;
					};
					02AC7EC11F9A3A6C00AFE44D = {
						CreatedOnToolsVersion = 9.0;
						ProvisioningStyle = Automatic;
						TestTargetID = 02AC7EAA1F9A3A6C00AFE44D;
					};
					02AC7ECC1F9A3A6D00AFE44D = {
						CreatedOnToolsVersion = 9.0;
						ProvisioningStyle = Automatic;
						TestTargetID = 02AC7EAA1F9A3A6C00AFE44D;
					};
				};
			};
			buildConfigurationList = 02AC7EA61F9A3A6C00AFE44D /* Build configuration list for PBXProject "iOS_Demo" */;
			compatibilityVersion = "Xcode 8.0";
			developmentRegion = en;
			hasScannedForEncodings = 0;
			knownRegions = (
				en,
				Base,
			);
			mainGroup = 02AC7EA21F9A3A6C00AFE44D;
			productRefGroup = 02AC7EAC1F9A3A6C00AFE44D /* Products */;
			projectDirPath = "";
			projectRoot = "";
			targets = (
				02AC7EAA1F9A3A6C00AFE44D /* iOS_Demo */,
				02AC7EC11F9A3A6C00AFE44D /* iOS_DemoTests */,
				02AC7ECC1F9A3A6D00AFE44D /* iOS_DemoUITests */,
			);
		};
/* End PBXProject section */

/* Begin PBXResourcesBuildPhase section */
		02AC7EA91F9A3A6C00AFE44D /* Resources */ = {
			isa = PBXResourcesBuildPhase;
			buildActionMask = 2147483647;
			files = (
				02FAA01B1FBB2F670037DAA9 /* nmzJavaScriptCore_WKWebView.js in Resources */,
				02C2A76A1FB9C24400BF7792 /* nmzJavaScriptCore_UIWebView.html in Resources */,
				02AC7EBC1F9A3A6C00AFE44D /* LaunchScreen.storyboard in Resources */,
				02AC7EB91F9A3A6C00AFE44D /* Assets.xcassets in Resources */,
				02FAA01D1FBB303A0037DAA9 /* nmzJavaScriptCore_WKWebView.html in Resources */,
				02AC7EB41F9A3A6C00AFE44D /* Main.storyboard in Resources */,
				02C2A76C1FB9D52100BF7792 /* nmzJavaScriptCore_UIWebVIew.js in Resources */,
				027F4C381F9A620600029BE8 /* IBDesignable_and_IBInspectable.storyboard in Resources */,
			);
			runOnlyForDeploymentPostprocessing = 0;
		};
		02AC7EC01F9A3A6C00AFE44D /* Resources */ = {
			isa = PBXResourcesBuildPhase;
			buildActionMask = 2147483647;
			files = (
			);
			runOnlyForDeploymentPostprocessing = 0;
		};
		02AC7ECB1F9A3A6D00AFE44D /* Resources */ = {
			isa = PBXResourcesBuildPhase;
			buildActionMask = 2147483647;
			files = (
			);
			runOnlyForDeploymentPostprocessing = 0;
		};
/* End PBXResourcesBuildPhase section */

/* Begin PBXShellScriptBuildPhase section */
		01356365AA6005175715EB16 /* [CP] Copy Pods Resources */ = {
			isa = PBXShellScriptBuildPhase;
			buildActionMask = 2147483647;
			files = (
			);
			inputPaths = (
			);
			name = "[CP] Copy Pods Resources";
			outputPaths = (
			);
			runOnlyForDeploymentPostprocessing = 0;
			shellPath = /bin/sh;
			shellScript = "\"${SRCROOT}/Pods/Target Support Files/Pods-iOS_DemoUITests/Pods-iOS_DemoUITests-resources.sh\"\n";
			showEnvVarsInLog = 0;
		};
		2C91E7EE311C14A14527517F /* [CP] Embed Pods Frameworks */ = {
			isa = PBXShellScriptBuildPhase;
			buildActionMask = 2147483647;
			files = (
			);
			inputPaths = (
			);
			name = "[CP] Embed Pods Frameworks";
			outputPaths = (
			);
			runOnlyForDeploymentPostprocessing = 0;
			shellPath = /bin/sh;
			shellScript = "\"${SRCROOT}/Pods/Target Support Files/Pods-iOS_DemoTests/Pods-iOS_DemoTests-frameworks.sh\"\n";
			showEnvVarsInLog = 0;
		};
		45ECB7FCCC2462F0CE30D71F /* [CP] Check Pods Manifest.lock */ = {
			isa = PBXShellScriptBuildPhase;
			buildActionMask = 2147483647;
			files = (
			);
			inputPaths = (
				"${PODS_PODFILE_DIR_PATH}/Podfile.lock",
				"${PODS_ROOT}/Manifest.lock",
			);
			name = "[CP] Check Pods Manifest.lock";
			outputPaths = (
				"$(DERIVED_FILE_DIR)/Pods-iOS_DemoTests-checkManifestLockResult.txt",
			);
			runOnlyForDeploymentPostprocessing = 0;
			shellPath = /bin/sh;
			shellScript = "diff \"${PODS_PODFILE_DIR_PATH}/Podfile.lock\" \"${PODS_ROOT}/Manifest.lock\" > /dev/null\nif [ $? != 0 ] ; then\n    # print error to STDERR\n    echo \"error: The sandbox is not in sync with the Podfile.lock. Run 'pod install' or update your CocoaPods installation.\" >&2\n    exit 1\nfi\n# This output is used by Xcode 'outputs' to avoid re-running this script phase.\necho \"SUCCESS\" > \"${SCRIPT_OUTPUT_FILE_0}\"\n";
			showEnvVarsInLog = 0;
		};
		56536C64CB34722A1D1EF1B5 /* [CP] Check Pods Manifest.lock */ = {
			isa = PBXShellScriptBuildPhase;
			buildActionMask = 2147483647;
			files = (
			);
			inputPaths = (
				"${PODS_PODFILE_DIR_PATH}/Podfile.lock",
				"${PODS_ROOT}/Manifest.lock",
			);
			name = "[CP] Check Pods Manifest.lock";
			outputPaths = (
				"$(DERIVED_FILE_DIR)/Pods-iOS_Demo-checkManifestLockResult.txt",
			);
			runOnlyForDeploymentPostprocessing = 0;
			shellPath = /bin/sh;
			shellScript = "diff \"${PODS_PODFILE_DIR_PATH}/Podfile.lock\" \"${PODS_ROOT}/Manifest.lock\" > /dev/null\nif [ $? != 0 ] ; then\n    # print error to STDERR\n    echo \"error: The sandbox is not in sync with the Podfile.lock. Run 'pod install' or update your CocoaPods installation.\" >&2\n    exit 1\nfi\n# This output is used by Xcode 'outputs' to avoid re-running this script phase.\necho \"SUCCESS\" > \"${SCRIPT_OUTPUT_FILE_0}\"\n";
			showEnvVarsInLog = 0;
		};
		7868F4F35E16D1FCBD547F9B /* [CP] Embed Pods Frameworks */ = {
			isa = PBXShellScriptBuildPhase;
			buildActionMask = 2147483647;
			files = (
			);
			inputPaths = (
				"${SRCROOT}/Pods/Target Support Files/Pods-iOS_Demo/Pods-iOS_Demo-frameworks.sh",
				"${BUILT_PRODUCTS_DIR}/SnapKit/SnapKit.framework",
			);
			name = "[CP] Embed Pods Frameworks";
			outputPaths = (
				"${TARGET_BUILD_DIR}/${FRAMEWORKS_FOLDER_PATH}/SnapKit.framework",
			);
			runOnlyForDeploymentPostprocessing = 0;
			shellPath = /bin/sh;
			shellScript = "\"${SRCROOT}/Pods/Target Support Files/Pods-iOS_Demo/Pods-iOS_Demo-frameworks.sh\"\n";
			showEnvVarsInLog = 0;
		};
		818480AF326EDBB8738AABC0 /* [CP] Copy Pods Resources */ = {
			isa = PBXShellScriptBuildPhase;
			buildActionMask = 2147483647;
			files = (
			);
			inputPaths = (
			);
			name = "[CP] Copy Pods Resources";
			outputPaths = (
			);
			runOnlyForDeploymentPostprocessing = 0;
			shellPath = /bin/sh;
			shellScript = "\"${SRCROOT}/Pods/Target Support Files/Pods-iOS_DemoTests/Pods-iOS_DemoTests-resources.sh\"\n";
			showEnvVarsInLog = 0;
		};
		9CE1B58AEE09AABF17964E90 /* [CP] Check Pods Manifest.lock */ = {
			isa = PBXShellScriptBuildPhase;
			buildActionMask = 2147483647;
			files = (
			);
			inputPaths = (
				"${PODS_PODFILE_DIR_PATH}/Podfile.lock",
				"${PODS_ROOT}/Manifest.lock",
			);
			name = "[CP] Check Pods Manifest.lock";
			outputPaths = (
				"$(DERIVED_FILE_DIR)/Pods-iOS_DemoUITests-checkManifestLockResult.txt",
			);
			runOnlyForDeploymentPostprocessing = 0;
			shellPath = /bin/sh;
			shellScript = "diff \"${PODS_PODFILE_DIR_PATH}/Podfile.lock\" \"${PODS_ROOT}/Manifest.lock\" > /dev/null\nif [ $? != 0 ] ; then\n    # print error to STDERR\n    echo \"error: The sandbox is not in sync with the Podfile.lock. Run 'pod install' or update your CocoaPods installation.\" >&2\n    exit 1\nfi\n# This output is used by Xcode 'outputs' to avoid re-running this script phase.\necho \"SUCCESS\" > \"${SCRIPT_OUTPUT_FILE_0}\"\n";
			showEnvVarsInLog = 0;
		};
		CDB83BF94BD3E214D54E1847 /* [CP] Copy Pods Resources */ = {
			isa = PBXShellScriptBuildPhase;
			buildActionMask = 2147483647;
			files = (
			);
			inputPaths = (
			);
			name = "[CP] Copy Pods Resources";
			outputPaths = (
			);
			runOnlyForDeploymentPostprocessing = 0;
			shellPath = /bin/sh;
			shellScript = "\"${SRCROOT}/Pods/Target Support Files/Pods-iOS_Demo/Pods-iOS_Demo-resources.sh\"\n";
			showEnvVarsInLog = 0;
		};
		D0734D7CD5B5F4D1F0B60365 /* [CP] Embed Pods Frameworks */ = {
			isa = PBXShellScriptBuildPhase;
			buildActionMask = 2147483647;
			files = (
			);
			inputPaths = (
			);
			name = "[CP] Embed Pods Frameworks";
			outputPaths = (
			);
			runOnlyForDeploymentPostprocessing = 0;
			shellPath = /bin/sh;
			shellScript = "\"${SRCROOT}/Pods/Target Support Files/Pods-iOS_DemoUITests/Pods-iOS_DemoUITests-frameworks.sh\"\n";
			showEnvVarsInLog = 0;
		};
/* End PBXShellScriptBuildPhase section */

/* Begin PBXSourcesBuildPhase section */
		02AC7EA71F9A3A6C00AFE44D /* Sources */ = {
			isa = PBXSourcesBuildPhase;
			buildActionMask = 2147483647;
			files = (
				02C2A7681FB9BDCF00BF7792 /* NMZJavaScriptCoreViewController.swift in Sources */,
				027F4C331F9A54D400029BE8 /* MyView.swift in Sources */,
				024F89BE1FA36812002C6247 /* BottomSheetViewController.swift in Sources */,
				022539361FB0889C0085E61A /* Utility.swift in Sources */,
				022539331FB086CF0085E61A /* OnePixelViewController.swift in Sources */,
				02AC7EB11F9A3A6C00AFE44D /* ViewController.swift in Sources */,
				02AC7EB71F9A3A6C00AFE44D /* iOS_Demo.xcdatamodeld in Sources */,
				02C2A7631FB9B4E900BF7792 /* UILabelTextViewController.swift in Sources */,
				02AC7EE11F9A4E7900AFE44D /* IBDesignable_and_IBInspectable.swift in Sources */,
				02AC7EAF1F9A3A6C00AFE44D /* AppDelegate.swift in Sources */,
				022539391FB088EF0085E61A /* UIView_Extension.swift in Sources */,
				02965A0A1FA473610070D253 /* SheetCell.swift in Sources */,
			);
			runOnlyForDeploymentPostprocessing = 0;
		};
		02AC7EBE1F9A3A6C00AFE44D /* Sources */ = {
			isa = PBXSourcesBuildPhase;
			buildActionMask = 2147483647;
			files = (
				02AC7EC71F9A3A6C00AFE44D /* iOS_DemoTests.swift in Sources */,
			);
			runOnlyForDeploymentPostprocessing = 0;
		};
		02AC7EC91F9A3A6D00AFE44D /* Sources */ = {
			isa = PBXSourcesBuildPhase;
			buildActionMask = 2147483647;
			files = (
				02AC7ED21F9A3A6D00AFE44D /* iOS_DemoUITests.swift in Sources */,
			);
			runOnlyForDeploymentPostprocessing = 0;
		};
/* End PBXSourcesBuildPhase section */

/* Begin PBXTargetDependency section */
		02AC7EC41F9A3A6C00AFE44D /* PBXTargetDependency */ = {
			isa = PBXTargetDependency;
			target = 02AC7EAA1F9A3A6C00AFE44D /* iOS_Demo */;
			targetProxy = 02AC7EC31F9A3A6C00AFE44D /* PBXContainerItemProxy */;
		};
		02AC7ECF1F9A3A6D00AFE44D /* PBXTargetDependency */ = {
			isa = PBXTargetDependency;
			target = 02AC7EAA1F9A3A6C00AFE44D /* iOS_Demo */;
			targetProxy = 02AC7ECE1F9A3A6D00AFE44D /* PBXContainerItemProxy */;
		};
/* End PBXTargetDependency section */

/* Begin PBXVariantGroup section */
		027F4C361F9A620600029BE8 /* IBDesignable_and_IBInspectable.storyboard */ = {
			isa = PBXVariantGroup;
			children = (
				027F4C371F9A620600029BE8 /* Base */,
			);
			name = IBDesignable_and_IBInspectable.storyboard;
			sourceTree = "<group>";
		};
		02AC7EB21F9A3A6C00AFE44D /* Main.storyboard */ = {
			isa = PBXVariantGroup;
			children = (
				02AC7EB31F9A3A6C00AFE44D /* Base */,
			);
			name = Main.storyboard;
			sourceTree = "<group>";
		};
		02AC7EBA1F9A3A6C00AFE44D /* LaunchScreen.storyboard */ = {
			isa = PBXVariantGroup;
			children = (
				02AC7EBB1F9A3A6C00AFE44D /* Base */,
			);
			name = LaunchScreen.storyboard;
			sourceTree = "<group>";
		};
/* End PBXVariantGroup section */

/* Begin XCBuildConfiguration section */
		02AC7ED41F9A3A6D00AFE44D /* Debug */ = {
			isa = XCBuildConfiguration;
			buildSettings = {
				ALWAYS_SEARCH_USER_PATHS = NO;
				CLANG_ANALYZER_NONNULL = YES;
				CLANG_ANALYZER_NUMBER_OBJECT_CONVERSION = YES_AGGRESSIVE;
				CLANG_CXX_LANGUAGE_STANDARD = "gnu++14";
				CLANG_CXX_LIBRARY = "libc++";
				CLANG_ENABLE_MODULES = YES;
				CLANG_ENABLE_OBJC_ARC = YES;
				CLANG_WARN_BLOCK_CAPTURE_AUTORELEASING = YES;
				CLANG_WARN_BOOL_CONVERSION = YES;
				CLANG_WARN_COMMA = YES;
				CLANG_WARN_CONSTANT_CONVERSION = YES;
				CLANG_WARN_DIRECT_OBJC_ISA_USAGE = YES_ERROR;
				CLANG_WARN_DOCUMENTATION_COMMENTS = YES;
				CLANG_WARN_EMPTY_BODY = YES;
				CLANG_WARN_ENUM_CONVERSION = YES;
				CLANG_WARN_INFINITE_RECURSION = YES;
				CLANG_WARN_INT_CONVERSION = YES;
				CLANG_WARN_NON_LITERAL_NULL_CONVERSION = YES;
				CLANG_WARN_OBJC_LITERAL_CONVERSION = YES;
				CLANG_WARN_OBJC_ROOT_CLASS = YES_ERROR;
				CLANG_WARN_RANGE_LOOP_ANALYSIS = YES;
				CLANG_WARN_STRICT_PROTOTYPES = YES;
				CLANG_WARN_SUSPICIOUS_MOVE = YES;
				CLANG_WARN_UNGUARDED_AVAILABILITY = YES_AGGRESSIVE;
				CLANG_WARN_UNREACHABLE_CODE = YES;
				CLANG_WARN__DUPLICATE_METHOD_MATCH = YES;
				CODE_SIGN_IDENTITY = "iPhone Developer";
				COPY_PHASE_STRIP = NO;
				DEBUG_INFORMATION_FORMAT = dwarf;
				ENABLE_STRICT_OBJC_MSGSEND = YES;
				ENABLE_TESTABILITY = YES;
				GCC_C_LANGUAGE_STANDARD = gnu11;
				GCC_DYNAMIC_NO_PIC = NO;
				GCC_NO_COMMON_BLOCKS = YES;
				GCC_OPTIMIZATION_LEVEL = 0;
				GCC_PREPROCESSOR_DEFINITIONS = (
					"DEBUG=1",
					"$(inherited)",
				);
				GCC_WARN_64_TO_32_BIT_CONVERSION = YES;
				GCC_WARN_ABOUT_RETURN_TYPE = YES_ERROR;
				GCC_WARN_UNDECLARED_SELECTOR = YES;
				GCC_WARN_UNINITIALIZED_AUTOS = YES_AGGRESSIVE;
				GCC_WARN_UNUSED_FUNCTION = YES;
				GCC_WARN_UNUSED_VARIABLE = YES;
				IPHONEOS_DEPLOYMENT_TARGET = 11.0;
				MTL_ENABLE_DEBUG_INFO = YES;
				ONLY_ACTIVE_ARCH = YES;
				SDKROOT = iphoneos;
				SWIFT_ACTIVE_COMPILATION_CONDITIONS = DEBUG;
				SWIFT_OPTIMIZATION_LEVEL = "-Onone";
			};
			name = Debug;
		};
		02AC7ED51F9A3A6D00AFE44D /* Release */ = {
			isa = XCBuildConfiguration;
			buildSettings = {
				ALWAYS_SEARCH_USER_PATHS = NO;
				CLANG_ANALYZER_NONNULL = YES;
				CLANG_ANALYZER_NUMBER_OBJECT_CONVERSION = YES_AGGRESSIVE;
				CLANG_CXX_LANGUAGE_STANDARD = "gnu++14";
				CLANG_CXX_LIBRARY = "libc++";
				CLANG_ENABLE_MODULES = YES;
				CLANG_ENABLE_OBJC_ARC = YES;
				CLANG_WARN_BLOCK_CAPTURE_AUTORELEASING = YES;
				CLANG_WARN_BOOL_CONVERSION = YES;
				CLANG_WARN_COMMA = YES;
				CLANG_WARN_CONSTANT_CONVERSION = YES;
				CLANG_WARN_DIRECT_OBJC_ISA_USAGE = YES_ERROR;
				CLANG_WARN_DOCUMENTATION_COMMENTS = YES;
				CLANG_WARN_EMPTY_BODY = YES;
				CLANG_WARN_ENUM_CONVERSION = YES;
				CLANG_WARN_INFINITE_RECURSION = YES;
				CLANG_WARN_INT_CONVERSION = YES;
				CLANG_WARN_NON_LITERAL_NULL_CONVERSION = YES;
				CLANG_WARN_OBJC_LITERAL_CONVERSION = YES;
				CLANG_WARN_OBJC_ROOT_CLASS = YES_ERROR;
				CLANG_WARN_RANGE_LOOP_ANALYSIS = YES;
				CLANG_WARN_STRICT_PROTOTYPES = YES;
				CLANG_WARN_SUSPICIOUS_MOVE = YES;
				CLANG_WARN_UNGUARDED_AVAILABILITY = YES_AGGRESSIVE;
				CLANG_WARN_UNREACHABLE_CODE = YES;
				CLANG_WARN__DUPLICATE_METHOD_MATCH = YES;
				CODE_SIGN_IDENTITY = "iPhone Developer";
				COPY_PHASE_STRIP = NO;
				DEBUG_INFORMATION_FORMAT = "dwarf-with-dsym";
				ENABLE_NS_ASSERTIONS = NO;
				ENABLE_STRICT_OBJC_MSGSEND = YES;
				GCC_C_LANGUAGE_STANDARD = gnu11;
				GCC_NO_COMMON_BLOCKS = YES;
				GCC_WARN_64_TO_32_BIT_CONVERSION = YES;
				GCC_WARN_ABOUT_RETURN_TYPE = YES_ERROR;
				GCC_WARN_UNDECLARED_SELECTOR = YES;
				GCC_WARN_UNINITIALIZED_AUTOS = YES_AGGRESSIVE;
				GCC_WARN_UNUSED_FUNCTION = YES;
				GCC_WARN_UNUSED_VARIABLE = YES;
				IPHONEOS_DEPLOYMENT_TARGET = 11.0;
				MTL_ENABLE_DEBUG_INFO = NO;
				SDKROOT = iphoneos;
				SWIFT_OPTIMIZATION_LEVEL = "-Owholemodule";
				VALIDATE_PRODUCT = YES;
			};
			name = Release;
		};
		02AC7ED71F9A3A6D00AFE44D /* Debug */ = {
			isa = XCBuildConfiguration;
			baseConfigurationReference = 7603960A2362FC5F62AE5CF3 /* Pods-iOS_Demo.debug.xcconfig */;
			buildSettings = {
				ASSETCATALOG_COMPILER_APPICON_NAME = AppIcon;
				CODE_SIGN_STYLE = Automatic;
				INFOPLIST_FILE = iOS_Demo/Info.plist;
				IPHONEOS_DEPLOYMENT_TARGET = 10.0;
				LD_RUNPATH_SEARCH_PATHS = "$(inherited) @executable_path/Frameworks";
				PRODUCT_BUNDLE_IDENTIFIER = "namazu923.iOS-Demo";
				PRODUCT_NAME = "$(TARGET_NAME)";
				SWIFT_VERSION = 4.0;
				TARGETED_DEVICE_FAMILY = "1,2";
			};
			name = Debug;
		};
		02AC7ED81F9A3A6D00AFE44D /* Release */ = {
			isa = XCBuildConfiguration;
			baseConfigurationReference = 045A62747B20B3411A008DBB /* Pods-iOS_Demo.release.xcconfig */;
			buildSettings = {
				ASSETCATALOG_COMPILER_APPICON_NAME = AppIcon;
				CODE_SIGN_STYLE = Automatic;
				INFOPLIST_FILE = iOS_Demo/Info.plist;
				IPHONEOS_DEPLOYMENT_TARGET = 10.0;
				LD_RUNPATH_SEARCH_PATHS = "$(inherited) @executable_path/Frameworks";
				PRODUCT_BUNDLE_IDENTIFIER = "namazu923.iOS-Demo";
				PRODUCT_NAME = "$(TARGET_NAME)";
				SWIFT_VERSION = 4.0;
				TARGETED_DEVICE_FAMILY = "1,2";
			};
			name = Release;
		};
		02AC7EDA1F9A3A6D00AFE44D /* Debug */ = {
			isa = XCBuildConfiguration;
			baseConfigurationReference = D06A72E55BB0446A776EFAC3 /* Pods-iOS_DemoTests.debug.xcconfig */;
			buildSettings = {
				ALWAYS_EMBED_SWIFT_STANDARD_LIBRARIES = YES;
				BUNDLE_LOADER = "$(TEST_HOST)";
				CODE_SIGN_STYLE = Automatic;
				INFOPLIST_FILE = iOS_DemoTests/Info.plist;
				LD_RUNPATH_SEARCH_PATHS = "$(inherited) @executable_path/Frameworks @loader_path/Frameworks";
				PRODUCT_BUNDLE_IDENTIFIER = "namazu923.iOS-DemoTests";
				PRODUCT_NAME = "$(TARGET_NAME)";
				SWIFT_VERSION = 4.0;
				TARGETED_DEVICE_FAMILY = "1,2";
				TEST_HOST = "$(BUILT_PRODUCTS_DIR)/iOS_Demo.app/iOS_Demo";
			};
			name = Debug;
		};
		02AC7EDB1F9A3A6D00AFE44D /* Release */ = {
			isa = XCBuildConfiguration;
			baseConfigurationReference = 8EFD49E634487CC18BA76BC6 /* Pods-iOS_DemoTests.release.xcconfig */;
			buildSettings = {
				ALWAYS_EMBED_SWIFT_STANDARD_LIBRARIES = YES;
				BUNDLE_LOADER = "$(TEST_HOST)";
				CODE_SIGN_STYLE = Automatic;
				INFOPLIST_FILE = iOS_DemoTests/Info.plist;
				LD_RUNPATH_SEARCH_PATHS = "$(inherited) @executable_path/Frameworks @loader_path/Frameworks";
				PRODUCT_BUNDLE_IDENTIFIER = "namazu923.iOS-DemoTests";
				PRODUCT_NAME = "$(TARGET_NAME)";
				SWIFT_VERSION = 4.0;
				TARGETED_DEVICE_FAMILY = "1,2";
				TEST_HOST = "$(BUILT_PRODUCTS_DIR)/iOS_Demo.app/iOS_Demo";
			};
			name = Release;
		};
		02AC7EDD1F9A3A6D00AFE44D /* Debug */ = {
			isa = XCBuildConfiguration;
			baseConfigurationReference = 821541B1989252969B323647 /* Pods-iOS_DemoUITests.debug.xcconfig */;
			buildSettings = {
				ALWAYS_EMBED_SWIFT_STANDARD_LIBRARIES = YES;
				CODE_SIGN_STYLE = Automatic;
				INFOPLIST_FILE = iOS_DemoUITests/Info.plist;
				LD_RUNPATH_SEARCH_PATHS = "$(inherited) @executable_path/Frameworks @loader_path/Frameworks";
				PRODUCT_BUNDLE_IDENTIFIER = "namazu923.iOS-DemoUITests";
				PRODUCT_NAME = "$(TARGET_NAME)";
				SWIFT_VERSION = 4.0;
				TARGETED_DEVICE_FAMILY = "1,2";
				TEST_TARGET_NAME = iOS_Demo;
			};
			name = Debug;
		};
		02AC7EDE1F9A3A6D00AFE44D /* Release */ = {
			isa = XCBuildConfiguration;
			baseConfigurationReference = 7C49A15082BEF45569F06257 /* Pods-iOS_DemoUITests.release.xcconfig */;
			buildSettings = {
				ALWAYS_EMBED_SWIFT_STANDARD_LIBRARIES = YES;
				CODE_SIGN_STYLE = Automatic;
				INFOPLIST_FILE = iOS_DemoUITests/Info.plist;
				LD_RUNPATH_SEARCH_PATHS = "$(inherited) @executable_path/Frameworks @loader_path/Frameworks";
				PRODUCT_BUNDLE_IDENTIFIER = "namazu923.iOS-DemoUITests";
				PRODUCT_NAME = "$(TARGET_NAME)";
				SWIFT_VERSION = 4.0;
				TARGETED_DEVICE_FAMILY = "1,2";
				TEST_TARGET_NAME = iOS_Demo;
			};
			name = Release;
		};
/* End XCBuildConfiguration section */

/* Begin XCConfigurationList section */
		02AC7EA61F9A3A6C00AFE44D /* Build configuration list for PBXProject "iOS_Demo" */ = {
			isa = XCConfigurationList;
			buildConfigurations = (
				02AC7ED41F9A3A6D00AFE44D /* Debug */,
				02AC7ED51F9A3A6D00AFE44D /* Release */,
			);
			defaultConfigurationIsVisible = 0;
			defaultConfigurationName = Release;
		};
		02AC7ED61F9A3A6D00AFE44D /* Build configuration list for PBXNativeTarget "iOS_Demo" */ = {
			isa = XCConfigurationList;
			buildConfigurations = (
				02AC7ED71F9A3A6D00AFE44D /* Debug */,
				02AC7ED81F9A3A6D00AFE44D /* Release */,
			);
			defaultConfigurationIsVisible = 0;
			defaultConfigurationName = Release;
		};
		02AC7ED91F9A3A6D00AFE44D /* Build configuration list for PBXNativeTarget "iOS_DemoTests" */ = {
			isa = XCConfigurationList;
			buildConfigurations = (
				02AC7EDA1F9A3A6D00AFE44D /* Debug */,
				02AC7EDB1F9A3A6D00AFE44D /* Release */,
			);
			defaultConfigurationIsVisible = 0;
			defaultConfigurationName = Release;
		};
		02AC7EDC1F9A3A6D00AFE44D /* Build configuration list for PBXNativeTarget "iOS_DemoUITests" */ = {
			isa = XCConfigurationList;
			buildConfigurations = (
				02AC7EDD1F9A3A6D00AFE44D /* Debug */,
				02AC7EDE1F9A3A6D00AFE44D /* Release */,
			);
			defaultConfigurationIsVisible = 0;
			defaultConfigurationName = Release;
		};
/* End XCConfigurationList section */

/* Begin XCVersionGroup section */
		02AC7EB51F9A3A6C00AFE44D /* iOS_Demo.xcdatamodeld */ = {
			isa = XCVersionGroup;
			children = (
				02AC7EB61F9A3A6C00AFE44D /* iOS_Demo.xcdatamodel */,
			);
			currentVersion = 02AC7EB61F9A3A6C00AFE44D /* iOS_Demo.xcdatamodel */;
			path = iOS_Demo.xcdatamodeld;
			sourceTree = "<group>";
			versionGroupType = wrapper.xcdatamodel;
		};
/* End XCVersionGroup section */
	};
	rootObject = 02AC7EA31F9A3A6C00AFE44D /* Project object */;
}
